
Microsoft Visual Studio Solution File, Format Version 12.00
# Visual Studio Version 17
VisualStudioVersion = 17.11.35303.130
MinimumVisualStudioVersion = 10.0.40219.1
Project("{FAE04EC0-301F-11D3-BF4B-00C04F79EFBC}") = "KolmasTilausDB", "KolmasTilausDB\KolmasTilausDB.csproj", "{2FA34ED9-A4C5-4691-BDFE-1114F27D8363}"
EndProject
Global
	GlobalSection(SolutionConfigurationPlatforms) = preSolution
		Debug|Any CPU = Debug|Any CPU
		Release|Any CPU = Release|Any CPU
	EndGlobalSection
	GlobalSection(ProjectConfigurationPlatforms) = postSolution
		{2FA34ED9-A4C5-4691-BDFE-1114F27D8363}.Debug|Any CPU.ActiveCfg = Debug|Any CPU
		{2FA34ED9-A4C5-4691-BDFE-1114F27D8363}.Debug|Any CPU.Build.0 = Debug|Any CPU
		{2FA34ED9-A4C5-4691-BDFE-1114F27D8363}.Release|Any CPU.ActiveCfg = Release|Any CPU
		{2FA34ED9-A4C5-4691-BDFE-1114F27D8363}.Release|Any CPU.Build.0 = Release|Any CPU
	EndGlobalSection
	GlobalSection(SolutionProperties) = preSolution
		HideSolutionNode = FALSE
	EndGlobalSection
	GlobalSection(ExtensibilityGlobals) = postSolution
		SolutionGuid = {CD0EB8FD-9DB8-45D7-B1DA-4DE0BCBF3CEC}
	EndGlobalSection
EndGlobal
